
Microsoft Visual Studio Solution File, Format Version 12.00
# Visual Studio Version 16
VisualStudioVersion = 16.0.32002.261
MinimumVisualStudioVersion = 10.0.40219.1
Project("{FAE04EC0-301F-11D3-BF4B-00C04F79EFBC}") = "UpdateServer", "UpdateServer.csproj", "{ECEBE4D2-DF7A-4D8B-BF14-CBBB8DAD125D}"
EndProject
Global
	GlobalSection(SolutionConfigurationPlatforms) = preSolution
		Debug|Any CPU = Debug|Any CPU
		Release|Any CPU = Release|Any CPU
	EndGlobalSection
	GlobalSection(ProjectConfigurationPlatforms) = postSolution
		{ECEBE4D2-DF7A-4D8B-BF14-CBBB8DAD125D}.Debug|Any CPU.ActiveCfg = Debug|Any CPU
		{ECEBE4D2-DF7A-4D8B-BF14-CBBB8DAD125D}.Debug|Any CPU.Build.0 = Debug|Any CPU
		{ECEBE4D2-DF7A-4D8B-BF14-CBBB8DAD125D}.Release|Any CPU.ActiveCfg = Release|Any CPU
		{ECEBE4D2-DF7A-4D8B-BF14-CBBB8DAD125D}.Release|Any CPU.Build.0 = Release|Any CPU
	EndGlobalSection
	GlobalSection(SolutionProperties) = preSolution
		HideSolutionNode = FALSE
	EndGlobalSection
	GlobalSection(ExtensibilityGlobals) = postSolution
		SolutionGuid = {E5A93235-615C-4889-9122-51F97F78ACC8}
	EndGlobalSection
EndGlobal
